{
    "requires": true,
    "lockfileVersion": 1,
    "dependencies": {
        "vue": {
            "version": "2.6.11",
            "resolved": "https://registry.npmjs.org/vue/-/vue-2.6.11.tgz",
            "integrity": "sha512-VfPwgcGABbGAue9+sfrD4PuwFar7gPb1yl1UK1MwXoQPAw0BKSqWfoYCT/ThFrdEVWoI51dBuyCoiNU9bZDZxQ==",
            "dev": true
        },
        "vue-router": {
            "version": "3.3.4",
            "resolved": "https://registry.npmjs.org/vue-router/-/vue-router-3.3.4.tgz",
            "integrity": "sha512-SdKRBeoXUjaZ9R/8AyxsdTqkOfMcI5tWxPZOUX5Ie1BTL5rPSZ0O++pbiZCeYeythiZIdLEfkDiQPKIaWk5hDg=="
        },
        "vuetify": {
            "version": "2.3.4",
            "resolved": "https://registry.npmjs.org/vuetify/-/vuetify-2.3.4.tgz",
            "integrity": "sha512-vMtCNqv5BhrjfTfIhH2Lptoxx7z/Nu1NfBiZ2oCvI2QbTagMlhF5GMXgbnnyTGIjooFf/ozKznuMxk6tuI5cxw=="
        }
    }
}
